
Microsoft Visual Studio Solution File, Format Version 12.00
# Visual Studio 15
VisualStudioVersion = 15.0.27428.2037
MinimumVisualStudioVersion = 10.0.40219.1
Project("{8BC9CEB8-8B4A-11D0-8D11-00A0C91BC942}") = "OsmiumTool", "osmium-tool\osmium-tool.vcxproj", "{98F6D68D-916E-43B0-B412-61B4E02C2C8F}"
	ProjectSection(ProjectDependencies) = postProject
		{61861957-00E8-4C9B-932D-8CB126EC77FE} = {61861957-00E8-4C9B-932D-8CB126EC77FE}
		{745DEC58-EBB3-47A9-A9B8-4C6627C01BF8} = {745DEC58-EBB3-47A9-A9B8-4C6627C01BF8}
		{58A821BC-E4AF-4DF4-9A54-2BAA22B92615} = {58A821BC-E4AF-4DF4-9A54-2BAA22B92615}
	EndProjectSection
EndProject
Project("{2150E333-8FDC-42A3-9474-1A3956D46DE8}") = "Libs", "Libs", "{EF7500A8-200A-452E-BC6E-408A73160BCE}"
EndProject
Project("{8BC9CEB8-8B4A-11D0-8D11-00A0C91BC942}") = "bzip2_1_0_6", "_libs\bzip2_1_0_6\bzip2_1_0_6.vcxproj", "{61861957-00E8-4C9B-932D-8CB126EC77FE}"
EndProject
Project("{8BC9CEB8-8B4A-11D0-8D11-00A0C91BC942}") = "zlib_1_2_11", "_libs\zlib_1_2_11\src\contrib\vstudio\vc14\zlib_1_2_11.vcxproj", "{745DEC58-EBB3-47A9-A9B8-4C6627C01BF8}"
EndProject
Project("{8BC9CEB8-8B4A-11D0-8D11-00A0C91BC942}") = "expat_2_2_5", "_libs\libexpat_2_2_5\Source\lib\expat_2_2_5.vcxproj", "{58A821BC-E4AF-4DF4-9A54-2BAA22B92615}"
EndProject
Project("{8BC9CEB8-8B4A-11D0-8D11-00A0C91BC942}") = "OsmFilter", "osm-filter\osm-filter.vcxproj", "{DF5B05FE-2BE2-4913-B950-AE4A3E697DE6}"
	ProjectSection(ProjectDependencies) = postProject
		{61861957-00E8-4C9B-932D-8CB126EC77FE} = {61861957-00E8-4C9B-932D-8CB126EC77FE}
		{745DEC58-EBB3-47A9-A9B8-4C6627C01BF8} = {745DEC58-EBB3-47A9-A9B8-4C6627C01BF8}
		{58A821BC-E4AF-4DF4-9A54-2BAA22B92615} = {58A821BC-E4AF-4DF4-9A54-2BAA22B92615}
	EndProjectSection
EndProject
Project("{8BC9CEB8-8B4A-11D0-8D11-00A0C91BC942}") = "OsmIdx", "osm_idx\osm_idx.vcxproj", "{0DC5861E-025D-464E-A86F-07B0F2208A1F}"
	ProjectSection(ProjectDependencies) = postProject
		{61861957-00E8-4C9B-932D-8CB126EC77FE} = {61861957-00E8-4C9B-932D-8CB126EC77FE}
		{745DEC58-EBB3-47A9-A9B8-4C6627C01BF8} = {745DEC58-EBB3-47A9-A9B8-4C6627C01BF8}
		{58A821BC-E4AF-4DF4-9A54-2BAA22B92615} = {58A821BC-E4AF-4DF4-9A54-2BAA22B92615}
	EndProjectSection
EndProject
Project("{8BC9CEB8-8B4A-11D0-8D11-00A0C91BC942}") = "LargeFileCut", "LargeFileCut\LargeFileCut.vcxproj", "{7DE03D17-068B-4694-B5ED-EC9FE596AB18}"
EndProject
Project("{2150E333-8FDC-42A3-9474-1A3956D46DE8}") = "Tools", "Tools", "{6C51DE38-EEE3-475A-842C-9191055498AC}"
EndProject
Global
	GlobalSection(SolutionConfigurationPlatforms) = preSolution
		Debug|x64 = Debug|x64
		Debug|x86 = Debug|x86
		Release|x64 = Release|x64
		Release|x86 = Release|x86
	EndGlobalSection
	GlobalSection(ProjectConfigurationPlatforms) = postSolution
		{98F6D68D-916E-43B0-B412-61B4E02C2C8F}.Debug|x64.ActiveCfg = Debug|x64
		{98F6D68D-916E-43B0-B412-61B4E02C2C8F}.Debug|x64.Build.0 = Debug|x64
		{98F6D68D-916E-43B0-B412-61B4E02C2C8F}.Debug|x86.ActiveCfg = Debug|x64
		{98F6D68D-916E-43B0-B412-61B4E02C2C8F}.Release|x64.ActiveCfg = Release|x64
		{98F6D68D-916E-43B0-B412-61B4E02C2C8F}.Release|x64.Build.0 = Release|x64
		{98F6D68D-916E-43B0-B412-61B4E02C2C8F}.Release|x86.ActiveCfg = Release|x64
		{61861957-00E8-4C9B-932D-8CB126EC77FE}.Debug|x64.ActiveCfg = Debug|x64
		{61861957-00E8-4C9B-932D-8CB126EC77FE}.Debug|x64.Build.0 = Debug|x64
		{61861957-00E8-4C9B-932D-8CB126EC77FE}.Debug|x86.ActiveCfg = Debug|x64
		{61861957-00E8-4C9B-932D-8CB126EC77FE}.Release|x64.ActiveCfg = Release|x64
		{61861957-00E8-4C9B-932D-8CB126EC77FE}.Release|x64.Build.0 = Release|x64
		{61861957-00E8-4C9B-932D-8CB126EC77FE}.Release|x86.ActiveCfg = Release|x64
		{745DEC58-EBB3-47A9-A9B8-4C6627C01BF8}.Debug|x64.ActiveCfg = Debug|x64
		{745DEC58-EBB3-47A9-A9B8-4C6627C01BF8}.Debug|x64.Build.0 = Debug|x64
		{745DEC58-EBB3-47A9-A9B8-4C6627C01BF8}.Debug|x86.ActiveCfg = Debug|x64
		{745DEC58-EBB3-47A9-A9B8-4C6627C01BF8}.Release|x64.ActiveCfg = Release|x64
		{745DEC58-EBB3-47A9-A9B8-4C6627C01BF8}.Release|x64.Build.0 = Release|x64
		{745DEC58-EBB3-47A9-A9B8-4C6627C01BF8}.Release|x86.ActiveCfg = Release|x64
		{58A821BC-E4AF-4DF4-9A54-2BAA22B92615}.Debug|x64.ActiveCfg = Debug|x64
		{58A821BC-E4AF-4DF4-9A54-2BAA22B92615}.Debug|x64.Build.0 = Debug|x64
		{58A821BC-E4AF-4DF4-9A54-2BAA22B92615}.Debug|x86.ActiveCfg = Debug|x64
		{58A821BC-E4AF-4DF4-9A54-2BAA22B92615}.Release|x64.ActiveCfg = Release|x64
		{58A821BC-E4AF-4DF4-9A54-2BAA22B92615}.Release|x64.Build.0 = Release|x64
		{58A821BC-E4AF-4DF4-9A54-2BAA22B92615}.Release|x86.ActiveCfg = Release|x64
		{DF5B05FE-2BE2-4913-B950-AE4A3E697DE6}.Debug|x64.ActiveCfg = Debug|x64
		{DF5B05FE-2BE2-4913-B950-AE4A3E697DE6}.Debug|x64.Build.0 = Debug|x64
		{DF5B05FE-2BE2-4913-B950-AE4A3E697DE6}.Debug|x86.ActiveCfg = Debug|x64
		{DF5B05FE-2BE2-4913-B950-AE4A3E697DE6}.Release|x64.ActiveCfg = Release|x64
		{DF5B05FE-2BE2-4913-B950-AE4A3E697DE6}.Release|x64.Build.0 = Release|x64
		{DF5B05FE-2BE2-4913-B950-AE4A3E697DE6}.Release|x86.ActiveCfg = Release|x64
		{0DC5861E-025D-464E-A86F-07B0F2208A1F}.Debug|x64.ActiveCfg = Debug|x64
		{0DC5861E-025D-464E-A86F-07B0F2208A1F}.Debug|x64.Build.0 = Debug|x64
		{0DC5861E-025D-464E-A86F-07B0F2208A1F}.Debug|x86.ActiveCfg = Debug|x64
		{0DC5861E-025D-464E-A86F-07B0F2208A1F}.Release|x64.ActiveCfg = Release|x64
		{0DC5861E-025D-464E-A86F-07B0F2208A1F}.Release|x64.Build.0 = Release|x64
		{0DC5861E-025D-464E-A86F-07B0F2208A1F}.Release|x86.ActiveCfg = Release|x64
		{7DE03D17-068B-4694-B5ED-EC9FE596AB18}.Debug|x64.ActiveCfg = Debug|x64
		{7DE03D17-068B-4694-B5ED-EC9FE596AB18}.Debug|x64.Build.0 = Debug|x64
		{7DE03D17-068B-4694-B5ED-EC9FE596AB18}.Debug|x86.ActiveCfg = Debug|Win32
		{7DE03D17-068B-4694-B5ED-EC9FE596AB18}.Debug|x86.Build.0 = Debug|Win32
		{7DE03D17-068B-4694-B5ED-EC9FE596AB18}.Release|x64.ActiveCfg = Release|x64
		{7DE03D17-068B-4694-B5ED-EC9FE596AB18}.Release|x64.Build.0 = Release|x64
		{7DE03D17-068B-4694-B5ED-EC9FE596AB18}.Release|x86.ActiveCfg = Release|Win32
		{7DE03D17-068B-4694-B5ED-EC9FE596AB18}.Release|x86.Build.0 = Release|Win32
	EndGlobalSection
	GlobalSection(SolutionProperties) = preSolution
		HideSolutionNode = FALSE
	EndGlobalSection
	GlobalSection(NestedProjects) = preSolution
		{61861957-00E8-4C9B-932D-8CB126EC77FE} = {EF7500A8-200A-452E-BC6E-408A73160BCE}
		{745DEC58-EBB3-47A9-A9B8-4C6627C01BF8} = {EF7500A8-200A-452E-BC6E-408A73160BCE}
		{58A821BC-E4AF-4DF4-9A54-2BAA22B92615} = {EF7500A8-200A-452E-BC6E-408A73160BCE}
		{7DE03D17-068B-4694-B5ED-EC9FE596AB18} = {6C51DE38-EEE3-475A-842C-9191055498AC}
	EndGlobalSection
	GlobalSection(ExtensibilityGlobals) = postSolution
		SolutionGuid = {0534CC39-F6C7-4844-ACD5-2F8FD34A174D}
	EndGlobalSection
EndGlobal
